
Microsoft Visual Studio Solution File, Format Version 12.00
# Visual Studio Version 17
VisualStudioVersion = 17.2.32317.152
MinimumVisualStudioVersion = 10.0.40219.1
Project("{9A19103F-16F7-4668-BE54-9A1E7A4F7556}") = "Extensions.Logging.Webhook.Discord", "Extensions.Logging.Webhook.Discord\Extensions.Logging.Webhook.Discord.csproj", "{698936AC-A9BC-425A-9596-D80803715D21}"
EndProject
Project("{2150E333-8FDC-42A3-9474-1A3956D46DE8}") = "Solution Items", "Solution Items", "{9801A01A-3675-4C7A-AAD4-0ED747D47AFF}"
	ProjectSection(SolutionItems) = preProject
		.gitignore = .gitignore
		Extensions.Logging.sln.DotSettings = Extensions.Logging.sln.DotSettings
		LICENSE = LICENSE
	EndProjectSection
EndProject
Global
	GlobalSection(SolutionConfigurationPlatforms) = preSolution
		Debug|Any CPU = Debug|Any CPU
		Release|Any CPU = Release|Any CPU
	EndGlobalSection
	GlobalSection(ProjectConfigurationPlatforms) = postSolution
		{698936AC-A9BC-425A-9596-D80803715D21}.Debug|Any CPU.ActiveCfg = Debug|Any CPU
		{698936AC-A9BC-425A-9596-D80803715D21}.Debug|Any CPU.Build.0 = Debug|Any CPU
		{698936AC-A9BC-425A-9596-D80803715D21}.Release|Any CPU.ActiveCfg = Release|Any CPU
		{698936AC-A9BC-425A-9596-D80803715D21}.Release|Any CPU.Build.0 = Release|Any CPU
	EndGlobalSection
	GlobalSection(SolutionProperties) = preSolution
		HideSolutionNode = FALSE
	EndGlobalSection
	GlobalSection(ExtensibilityGlobals) = postSolution
		SolutionGuid = {A173CB3A-207E-4F11-8249-CC96C6E99283}
	EndGlobalSection
EndGlobal
